
Microsoft Visual Studio Solution File, Format Version 12.00
# Visual Studio Version 16
VisualStudioVersion = 16.0.31424.327
MinimumVisualStudioVersion = 10.0.40219.1
Project("{FAE04EC0-301F-11D3-BF4B-00C04F79EFBC}") = "NeuralNetConsole", "NeuralNetConsole\NeuralNetConsole.csproj", "{E2EB1864-51BA-4194-8B75-9BCADF75F3C3}"
EndProject
Project("{FAE04EC0-301F-11D3-BF4B-00C04F79EFBC}") = "NeuralNetwork", "NeuralNetwork\NeuralNetwork.csproj", "{3D09544A-8DE2-47A5-8CCD-F7305E99443C}"
EndProject
Global
	GlobalSection(SolutionConfigurationPlatforms) = preSolution
		Debug|Any CPU = Debug|Any CPU
		Release|Any CPU = Release|Any CPU
	EndGlobalSection
	GlobalSection(ProjectConfigurationPlatforms) = postSolution
		{E2EB1864-51BA-4194-8B75-9BCADF75F3C3}.Debug|Any CPU.ActiveCfg = Debug|Any CPU
		{E2EB1864-51BA-4194-8B75-9BCADF75F3C3}.Debug|Any CPU.Build.0 = Debug|Any CPU
		{E2EB1864-51BA-4194-8B75-9BCADF75F3C3}.Release|Any CPU.ActiveCfg = Release|Any CPU
		{E2EB1864-51BA-4194-8B75-9BCADF75F3C3}.Release|Any CPU.Build.0 = Release|Any CPU
		{3D09544A-8DE2-47A5-8CCD-F7305E99443C}.Debug|Any CPU.ActiveCfg = Debug|Any CPU
		{3D09544A-8DE2-47A5-8CCD-F7305E99443C}.Debug|Any CPU.Build.0 = Debug|Any CPU
		{3D09544A-8DE2-47A5-8CCD-F7305E99443C}.Release|Any CPU.ActiveCfg = Release|Any CPU
		{3D09544A-8DE2-47A5-8CCD-F7305E99443C}.Release|Any CPU.Build.0 = Release|Any CPU
	EndGlobalSection
	GlobalSection(SolutionProperties) = preSolution
		HideSolutionNode = FALSE
	EndGlobalSection
	GlobalSection(ExtensibilityGlobals) = postSolution
		SolutionGuid = {69E56964-1F25-46F2-9717-4FC08A6A6447}
	EndGlobalSection
EndGlobal
